
Microsoft Visual Studio Solution File, Format Version 12.00
# Visual Studio Version 16
VisualStudioVersion = 16.0.30611.23
MinimumVisualStudioVersion = 10.0.40219.1
Project("{FAE04EC0-301F-11D3-BF4B-00C04F79EFBC}") = "FarmTracker.UWP", "FarmTracker.UWP\FarmTracker.UWP.csproj", "{9E62C7D5-1642-470A-AD6F-2567384CC498}"
EndProject
Project("{FAE04EC0-301F-11D3-BF4B-00C04F79EFBC}") = "FarmTracker.Android", "FarmTracker.Android\FarmTracker.Android.csproj", "{789FF866-614A-4A94-A546-00824C4019A6}"
EndProject
Project("{FAE04EC0-301F-11D3-BF4B-00C04F79EFBC}") = "FarmTracker.iOS", "FarmTracker.iOS\FarmTracker.iOS.csproj", "{828D2327-003B-433D-95CB-5976BFCD1956}"
EndProject
Project("{FAE04EC0-301F-11D3-BF4B-00C04F79EFBC}") = "FarmTracker", "FarmTracker\FarmTracker.csproj", "{B96B2C77-D2EA-41AA-848A-38751C1AE105}"
EndProject
Global
	GlobalSection(SolutionConfigurationPlatforms) = preSolution
		Debug|Any CPU = Debug|Any CPU
		Debug|ARM = Debug|ARM
		Debug|iPhone = Debug|iPhone
		Debug|iPhoneSimulator = Debug|iPhoneSimulator
		Debug|x64 = Debug|x64
		Debug|x86 = Debug|x86
		Release|Any CPU = Release|Any CPU
		Release|ARM = Release|ARM
		Release|iPhone = Release|iPhone
		Release|iPhoneSimulator = Release|iPhoneSimulator
		Release|x64 = Release|x64
		Release|x86 = Release|x86
	EndGlobalSection
	GlobalSection(ProjectConfigurationPlatforms) = postSolution
		{9E62C7D5-1642-470A-AD6F-2567384CC498}.Debug|Any CPU.ActiveCfg = Debug|x86
		{9E62C7D5-1642-470A-AD6F-2567384CC498}.Debug|Any CPU.Build.0 = Debug|x86
		{9E62C7D5-1642-470A-AD6F-2567384CC498}.Debug|Any CPU.Deploy.0 = Debug|x86
		{9E62C7D5-1642-470A-AD6F-2567384CC498}.Debug|ARM.ActiveCfg = Debug|ARM
		{9E62C7D5-1642-470A-AD6F-2567384CC498}.Debug|ARM.Build.0 = Debug|ARM
		{9E62C7D5-1642-470A-AD6F-2567384CC498}.Debug|ARM.Deploy.0 = Debug|ARM
		{9E62C7D5-1642-470A-AD6F-2567384CC498}.Debug|iPhone.ActiveCfg = Debug|x86
		{9E62C7D5-1642-470A-AD6F-2567384CC498}.Debug|iPhone.Build.0 = Debug|x86
		{9E62C7D5-1642-470A-AD6F-2567384CC498}.Debug|iPhone.Deploy.0 = Debug|x86
		{9E62C7D5-1642-470A-AD6F-2567384CC498}.Debug|iPhoneSimulator.ActiveCfg = Debug|x86
		{9E62C7D5-1642-470A-AD6F-2567384CC498}.Debug|iPhoneSimulator.Build.0 = Debug|x86
		{9E62C7D5-1642-470A-AD6F-2567384CC498}.Debug|iPhoneSimulator.Deploy.0 = Debug|x86
		{9E62C7D5-1642-470A-AD6F-2567384CC498}.Debug|x64.ActiveCfg = Debug|x64
		{9E62C7D5-1642-470A-AD6F-2567384CC498}.Debug|x64.Build.0 = Debug|x64
		{9E62C7D5-1642-470A-AD6F-2567384CC498}.Debug|x64.Deploy.0 = Debug|x64
		{9E62C7D5-1642-470A-AD6F-2567384CC498}.Debug|x86.ActiveCfg = Debug|x86
		{9E62C7D5-1642-470A-AD6F-2567384CC498}.Debug|x86.Build.0 = Debug|x86
		{9E62C7D5-1642-470A-AD6F-2567384CC498}.Debug|x86.Deploy.0 = Debug|x86
		{9E62C7D5-1642-470A-AD6F-2567384CC498}.Release|Any CPU.ActiveCfg = Release|x86
		{9E62C7D5-1642-470A-AD6F-2567384CC498}.Release|Any CPU.Build.0 = Release|x86
		{9E62C7D5-1642-470A-AD6F-2567384CC498}.Release|Any CPU.Deploy.0 = Release|x86
		{9E62C7D5-1642-470A-AD6F-2567384CC498}.Release|ARM.ActiveCfg = Release|ARM
		{9E62C7D5-1642-470A-AD6F-2567384CC498}.Release|ARM.Build.0 = Release|ARM
		{9E62C7D5-1642-470A-AD6F-2567384CC498}.Release|ARM.Deploy.0 = Release|ARM
		{9E62C7D5-1642-470A-AD6F-2567384CC498}.Release|iPhone.ActiveCfg = Release|x86
		{9E62C7D5-1642-470A-AD6F-2567384CC498}.Release|iPhone.Build.0 = Release|x86
		{9E62C7D5-1642-470A-AD6F-2567384CC498}.Release|iPhone.Deploy.0 = Release|x86
		{9E62C7D5-1642-470A-AD6F-2567384CC498}.Release|iPhoneSimulator.ActiveCfg = Release|x86
		{9E62C7D5-1642-470A-AD6F-2567384CC498}.Release|iPhoneSimulator.Build.0 = Release|x86
		{9E62C7D5-1642-470A-AD6F-2567384CC498}.Release|iPhoneSimulator.Deploy.0 = Release|x86
		{9E62C7D5-1642-470A-AD6F-2567384CC498}.Release|x64.ActiveCfg = Release|x64
		{9E62C7D5-1642-470A-AD6F-2567384CC498}.Release|x64.Build.0 = Release|x64
		{9E62C7D5-1642-470A-AD6F-2567384CC498}.Release|x64.Deploy.0 = Release|x64
		{9E62C7D5-1642-470A-AD6F-2567384CC498}.Release|x86.ActiveCfg = Release|x86
		{9E62C7D5-1642-470A-AD6F-2567384CC498}.Release|x86.Build.0 = Release|x86
		{9E62C7D5-1642-470A-AD6F-2567384CC498}.Release|x86.Deploy.0 = Release|x86
		{789FF866-614A-4A94-A546-00824C4019A6}.Debug|Any CPU.ActiveCfg = Debug|Any CPU
		{789FF866-614A-4A94-A546-00824C4019A6}.Debug|Any CPU.Build.0 = Debug|Any CPU
		{789FF866-614A-4A94-A546-00824C4019A6}.Debug|Any CPU.Deploy.0 = Debug|Any CPU
		{789FF866-614A-4A94-A546-00824C4019A6}.Debug|ARM.ActiveCfg = Debug|Any CPU
		{789FF866-614A-4A94-A546-00824C4019A6}.Debug|ARM.Build.0 = Debug|Any CPU
		{789FF866-614A-4A94-A546-00824C4019A6}.Debug|ARM.Deploy.0 = Debug|Any CPU
		{789FF866-614A-4A94-A546-00824C4019A6}.Debug|iPhone.ActiveCfg = Debug|Any CPU
		{789FF866-614A-4A94-A546-00824C4019A6}.Debug|iPhone.Build.0 = Debug|Any CPU
		{789FF866-614A-4A94-A546-00824C4019A6}.Debug|iPhone.Deploy.0 = Debug|Any CPU
		{789FF866-614A-4A94-A546-00824C4019A6}.Debug|iPhoneSimulator.ActiveCfg = Debug|Any CPU
		{789FF866-614A-4A94-A546-00824C4019A6}.Debug|iPhoneSimulator.Build.0 = Debug|Any CPU
		{789FF866-614A-4A94-A546-00824C4019A6}.Debug|iPhoneSimulator.Deploy.0 = Debug|Any CPU
		{789FF866-614A-4A94-A546-00824C4019A6}.Debug|x64.ActiveCfg = Debug|Any CPU
		{789FF866-614A-4A94-A546-00824C4019A6}.Debug|x64.Build.0 = Debug|Any CPU
		{789FF866-614A-4A94-A546-00824C4019A6}.Debug|x64.Deploy.0 = Debug|Any CPU
		{789FF866-614A-4A94-A546-00824C4019A6}.Debug|x86.ActiveCfg = Debug|Any CPU
		{789FF866-614A-4A94-A546-00824C4019A6}.Debug|x86.Build.0 = Debug|Any CPU
		{789FF866-614A-4A94-A546-00824C4019A6}.Debug|x86.Deploy.0 = Debug|Any CPU
		{789FF866-614A-4A94-A546-00824C4019A6}.Release|Any CPU.ActiveCfg = Release|Any CPU
		{789FF866-614A-4A94-A546-00824C4019A6}.Release|Any CPU.Build.0 = Release|Any CPU
		{789FF866-614A-4A94-A546-00824C4019A6}.Release|Any CPU.Deploy.0 = Release|Any CPU
		{789FF866-614A-4A94-A546-00824C4019A6}.Release|ARM.ActiveCfg = Release|Any CPU
		{789FF866-614A-4A94-A546-00824C4019A6}.Release|ARM.Build.0 = Release|Any CPU
		{789FF866-614A-4A94-A546-00824C4019A6}.Release|ARM.Deploy.0 = Release|Any CPU
		{789FF866-614A-4A94-A546-00824C4019A6}.Release|iPhone.ActiveCfg = Release|Any CPU
		{789FF866-614A-4A94-A546-00824C4019A6}.Release|iPhone.Build.0 = Release|Any CPU
		{789FF866-614A-4A94-A546-00824C4019A6}.Release|iPhone.Deploy.0 = Release|Any CPU
		{789FF866-614A-4A94-A546-00824C4019A6}.Release|iPhoneSimulator.ActiveCfg = Release|Any CPU
		{789FF866-614A-4A94-A546-00824C4019A6}.Release|iPhoneSimulator.Build.0 = Release|Any CPU
		{789FF866-614A-4A94-A546-00824C4019A6}.Release|iPhoneSimulator.Deploy.0 = Release|Any CPU
		{789FF866-614A-4A94-A546-00824C4019A6}.Release|x64.ActiveCfg = Release|Any CPU
		{789FF866-614A-4A94-A546-00824C4019A6}.Release|x64.Build.0 = Release|Any CPU
		{789FF866-614A-4A94-A546-00824C4019A6}.Release|x64.Deploy.0 = Release|Any CPU
		{789FF866-614A-4A94-A546-00824C4019A6}.Release|x86.ActiveCfg = Release|Any CPU
		{789FF866-614A-4A94-A546-00824C4019A6}.Release|x86.Build.0 = Release|Any CPU
		{789FF866-614A-4A94-A546-00824C4019A6}.Release|x86.Deploy.0 = Release|Any CPU
		{828D2327-003B-433D-95CB-5976BFCD1956}.Debug|Any CPU.ActiveCfg = Debug|iPhoneSimulator
		{828D2327-003B-433D-95CB-5976BFCD1956}.Debug|Any CPU.Build.0 = Debug|iPhoneSimulator
		{828D2327-003B-433D-95CB-5976BFCD1956}.Debug|Any CPU.Deploy.0 = Debug|iPhoneSimulator
		{828D2327-003B-433D-95CB-5976BFCD1956}.Debug|ARM.ActiveCfg = Debug|iPhone
		{828D2327-003B-433D-95CB-5976BFCD1956}.Debug|ARM.Build.0 = Debug|iPhone
		{828D2327-003B-433D-95CB-5976BFCD1956}.Debug|ARM.Deploy.0 = Debug|iPhone
		{828D2327-003B-433D-95CB-5976BFCD1956}.Debug|iPhone.ActiveCfg = Debug|iPhone
		{828D2327-003B-433D-95CB-5976BFCD1956}.Debug|iPhone.Build.0 = Debug|iPhone
		{828D2327-003B-433D-95CB-5976BFCD1956}.Debug|iPhone.Deploy.0 = Debug|iPhone
		{828D2327-003B-433D-95CB-5976BFCD1956}.Debug|iPhoneSimulator.ActiveCfg = Debug|iPhoneSimulator
		{828D2327-003B-433D-95CB-5976BFCD1956}.Debug|iPhoneSimulator.Build.0 = Debug|iPhoneSimulator
		{828D2327-003B-433D-95CB-5976BFCD1956}.Debug|iPhoneSimulator.Deploy.0 = Debug|iPhoneSimulator
		{828D2327-003B-433D-95CB-5976BFCD1956}.Debug|x64.ActiveCfg = Debug|iPhoneSimulator
		{828D2327-003B-433D-95CB-5976BFCD1956}.Debug|x64.Build.0 = Debug|iPhoneSimulator
		{828D2327-003B-433D-95CB-5976BFCD1956}.Debug|x64.Deploy.0 = Debug|iPhoneSimulator
		{828D2327-003B-433D-95CB-5976BFCD1956}.Debug|x86.ActiveCfg = Debug|iPhoneSimulator
		{828D2327-003B-433D-95CB-5976BFCD1956}.Debug|x86.Build.0 = Debug|iPhoneSimulator
		{828D2327-003B-433D-95CB-5976BFCD1956}.Debug|x86.Deploy.0 = Debug|iPhoneSimulator
		{828D2327-003B-433D-95CB-5976BFCD1956}.Release|Any CPU.ActiveCfg = Release|iPhoneSimulator
		{828D2327-003B-433D-95CB-5976BFCD1956}.Release|Any CPU.Build.0 = Release|iPhoneSimulator
		{828D2327-003B-433D-95CB-5976BFCD1956}.Release|Any CPU.Deploy.0 = Release|iPhoneSimulator
		{828D2327-003B-433D-95CB-5976BFCD1956}.Release|ARM.ActiveCfg = Release|iPhoneSimulator
		{828D2327-003B-433D-95CB-5976BFCD1956}.Release|ARM.Build.0 = Release|iPhoneSimulator
		{828D2327-003B-433D-95CB-5976BFCD1956}.Release|ARM.Deploy.0 = Release|iPhoneSimulator
		{828D2327-003B-433D-95CB-5976BFCD1956}.Release|iPhone.ActiveCfg = Release|iPhone
		{828D2327-003B-433D-95CB-5976BFCD1956}.Release|iPhone.Build.0 = Release|iPhone
		{828D2327-003B-433D-95CB-5976BFCD1956}.Release|iPhone.Deploy.0 = Release|iPhone
		{828D2327-003B-433D-95CB-5976BFCD1956}.Release|iPhoneSimulator.ActiveCfg = Release|iPhoneSimulator
		{828D2327-003B-433D-95CB-5976BFCD1956}.Release|iPhoneSimulator.Build.0 = Release|iPhoneSimulator
		{828D2327-003B-433D-95CB-5976BFCD1956}.Release|iPhoneSimulator.Deploy.0 = Release|iPhoneSimulator
		{828D2327-003B-433D-95CB-5976BFCD1956}.Release|x64.ActiveCfg = Release|iPhoneSimulator
		{828D2327-003B-433D-95CB-5976BFCD1956}.Release|x64.Build.0 = Release|iPhoneSimulator
		{828D2327-003B-433D-95CB-5976BFCD1956}.Release|x64.Deploy.0 = Release|iPhoneSimulator
		{828D2327-003B-433D-95CB-5976BFCD1956}.Release|x86.ActiveCfg = Release|iPhoneSimulator
		{828D2327-003B-433D-95CB-5976BFCD1956}.Release|x86.Build.0 = Release|iPhoneSimulator
		{828D2327-003B-433D-95CB-5976BFCD1956}.Release|x86.Deploy.0 = Release|iPhoneSimulator
		{B96B2C77-D2EA-41AA-848A-38751C1AE105}.Debug|Any CPU.ActiveCfg = Debug|Any CPU
		{B96B2C77-D2EA-41AA-848A-38751C1AE105}.Debug|Any CPU.Build.0 = Debug|Any CPU
		{B96B2C77-D2EA-41AA-848A-38751C1AE105}.Debug|Any CPU.Deploy.0 = Debug|Any CPU
		{B96B2C77-D2EA-41AA-848A-38751C1AE105}.Debug|ARM.ActiveCfg = Debug|Any CPU
		{B96B2C77-D2EA-41AA-848A-38751C1AE105}.Debug|ARM.Build.0 = Debug|Any CPU
		{B96B2C77-D2EA-41AA-848A-38751C1AE105}.Debug|ARM.Deploy.0 = Debug|Any CPU
		{B96B2C77-D2EA-41AA-848A-38751C1AE105}.Debug|iPhone.ActiveCfg = Debug|Any CPU
		{B96B2C77-D2EA-41AA-848A-38751C1AE105}.Debug|iPhone.Build.0 = Debug|Any CPU
		{B96B2C77-D2EA-41AA-848A-38751C1AE105}.Debug|iPhone.Deploy.0 = Debug|Any CPU
		{B96B2C77-D2EA-41AA-848A-38751C1AE105}.Debug|iPhoneSimulator.ActiveCfg = Debug|Any CPU
		{B96B2C77-D2EA-41AA-848A-38751C1AE105}.Debug|iPhoneSimulator.Build.0 = Debug|Any CPU
		{B96B2C77-D2EA-41AA-848A-38751C1AE105}.Debug|iPhoneSimulator.Deploy.0 = Debug|Any CPU
		{B96B2C77-D2EA-41AA-848A-38751C1AE105}.Debug|x64.ActiveCfg = Debug|Any CPU
		{B96B2C77-D2EA-41AA-848A-38751C1AE105}.Debug|x64.Build.0 = Debug|Any CPU
		{B96B2C77-D2EA-41AA-848A-38751C1AE105}.Debug|x64.Deploy.0 = Debug|Any CPU
		{B96B2C77-D2EA-41AA-848A-38751C1AE105}.Debug|x86.ActiveCfg = Debug|Any CPU
		{B96B2C77-D2EA-41AA-848A-38751C1AE105}.Debug|x86.Build.0 = Debug|Any CPU
		{B96B2C77-D2EA-41AA-848A-38751C1AE105}.Debug|x86.Deploy.0 = Debug|Any CPU
		{B96B2C77-D2EA-41AA-848A-38751C1AE105}.Release|Any CPU.ActiveCfg = Release|Any CPU
		{B96B2C77-D2EA-41AA-848A-38751C1AE105}.Release|Any CPU.Build.0 = Release|Any CPU
		{B96B2C77-D2EA-41AA-848A-38751C1AE105}.Release|Any CPU.Deploy.0 = Release|Any CPU
		{B96B2C77-D2EA-41AA-848A-38751C1AE105}.Release|ARM.ActiveCfg = Release|Any CPU
		{B96B2C77-D2EA-41AA-848A-38751C1AE105}.Release|ARM.Build.0 = Release|Any CPU
		{B96B2C77-D2EA-41AA-848A-38751C1AE105}.Release|ARM.Deploy.0 = Release|Any CPU
		{B96B2C77-D2EA-41AA-848A-38751C1AE105}.Release|iPhone.ActiveCfg = Release|Any CPU
		{B96B2C77-D2EA-41AA-848A-38751C1AE105}.Release|iPhone.Build.0 = Release|Any CPU
		{B96B2C77-D2EA-41AA-848A-38751C1AE105}.Release|iPhone.Deploy.0 = Release|Any CPU
		{B96B2C77-D2EA-41AA-848A-38751C1AE105}.Release|iPhoneSimulator.ActiveCfg = Release|Any CPU
		{B96B2C77-D2EA-41AA-848A-38751C1AE105}.Release|iPhoneSimulator.Build.0 = Release|Any CPU
		{B96B2C77-D2EA-41AA-848A-38751C1AE105}.Release|iPhoneSimulator.Deploy.0 = Release|Any CPU
		{B96B2C77-D2EA-41AA-848A-38751C1AE105}.Release|x64.ActiveCfg = Release|Any CPU
		{B96B2C77-D2EA-41AA-848A-38751C1AE105}.Release|x64.Build.0 = Release|Any CPU
		{B96B2C77-D2EA-41AA-848A-38751C1AE105}.Release|x64.Deploy.0 = Release|Any CPU
		{B96B2C77-D2EA-41AA-848A-38751C1AE105}.Release|x86.ActiveCfg = Release|Any CPU
		{B96B2C77-D2EA-41AA-848A-38751C1AE105}.Release|x86.Build.0 = Release|Any CPU
		{B96B2C77-D2EA-41AA-848A-38751C1AE105}.Release|x86.Deploy.0 = Release|Any CPU
	EndGlobalSection
	GlobalSection(SolutionProperties) = preSolution
		HideSolutionNode = FALSE
	EndGlobalSection
	GlobalSection(ExtensibilityGlobals) = postSolution
		SolutionGuid = {82E48005-5029-4752-992D-E329E615C901}
	EndGlobalSection
EndGlobal
